
Microsoft Visual Studio Solution File, Format Version 12.00
# Visual Studio Version 17
VisualStudioVersion = 17.2.32526.322
MinimumVisualStudioVersion = 10.0.40219.1
Project("{9A19103F-16F7-4668-BE54-9A1E7A4F7556}") = "LSys", "LSys\LSys.csproj", "{48929F2B-14C1-4348-A5B4-A428BCB7750A}"
EndProject
Project("{9A19103F-16F7-4668-BE54-9A1E7A4F7556}") = "LSys_Domain", "LSys_DB\LSys_Domain.csproj", "{978C0923-61FA-40A3-8E2F-7F5252234B16}"
EndProject
Project("{9A19103F-16F7-4668-BE54-9A1E7A4F7556}") = "LSys_TEST", "LSys_TEST\LSys_TEST.csproj", "{2B013AD9-60F5-470E-8D79-B40FB0F73997}"
EndProject
Project("{9A19103F-16F7-4668-BE54-9A1E7A4F7556}") = "LSys_Common", "LSys_Common\LSys_Common.csproj", "{60572CB8-079C-4A46-B69E-629C3208D4E5}"
EndProject
Project("{FAE04EC0-301F-11D3-BF4B-00C04F79EFBC}") = "LSys_DataAccess", "LSys_DataAccess\LSys_DataAccess.csproj", "{84A7192B-3CE7-4109-82B1-778535727E29}"
EndProject
Global
	GlobalSection(SolutionConfigurationPlatforms) = preSolution
		Debug|Any CPU = Debug|Any CPU
		Release|Any CPU = Release|Any CPU
	EndGlobalSection
	GlobalSection(ProjectConfigurationPlatforms) = postSolution
		{48929F2B-14C1-4348-A5B4-A428BCB7750A}.Debug|Any CPU.ActiveCfg = Debug|Any CPU
		{48929F2B-14C1-4348-A5B4-A428BCB7750A}.Debug|Any CPU.Build.0 = Debug|Any CPU
		{48929F2B-14C1-4348-A5B4-A428BCB7750A}.Release|Any CPU.ActiveCfg = Release|Any CPU
		{48929F2B-14C1-4348-A5B4-A428BCB7750A}.Release|Any CPU.Build.0 = Release|Any CPU
		{978C0923-61FA-40A3-8E2F-7F5252234B16}.Debug|Any CPU.ActiveCfg = Debug|Any CPU
		{978C0923-61FA-40A3-8E2F-7F5252234B16}.Debug|Any CPU.Build.0 = Debug|Any CPU
		{978C0923-61FA-40A3-8E2F-7F5252234B16}.Release|Any CPU.ActiveCfg = Release|Any CPU
		{978C0923-61FA-40A3-8E2F-7F5252234B16}.Release|Any CPU.Build.0 = Release|Any CPU
		{2B013AD9-60F5-470E-8D79-B40FB0F73997}.Debug|Any CPU.ActiveCfg = Debug|Any CPU
		{2B013AD9-60F5-470E-8D79-B40FB0F73997}.Debug|Any CPU.Build.0 = Debug|Any CPU
		{2B013AD9-60F5-470E-8D79-B40FB0F73997}.Release|Any CPU.ActiveCfg = Release|Any CPU
		{2B013AD9-60F5-470E-8D79-B40FB0F73997}.Release|Any CPU.Build.0 = Release|Any CPU
		{60572CB8-079C-4A46-B69E-629C3208D4E5}.Debug|Any CPU.ActiveCfg = Debug|Any CPU
		{60572CB8-079C-4A46-B69E-629C3208D4E5}.Debug|Any CPU.Build.0 = Debug|Any CPU
		{60572CB8-079C-4A46-B69E-629C3208D4E5}.Release|Any CPU.ActiveCfg = Release|Any CPU
		{60572CB8-079C-4A46-B69E-629C3208D4E5}.Release|Any CPU.Build.0 = Release|Any CPU
		{84A7192B-3CE7-4109-82B1-778535727E29}.Debug|Any CPU.ActiveCfg = Debug|Any CPU
		{84A7192B-3CE7-4109-82B1-778535727E29}.Debug|Any CPU.Build.0 = Debug|Any CPU
		{84A7192B-3CE7-4109-82B1-778535727E29}.Release|Any CPU.ActiveCfg = Release|Any CPU
		{84A7192B-3CE7-4109-82B1-778535727E29}.Release|Any CPU.Build.0 = Release|Any CPU
	EndGlobalSection
	GlobalSection(SolutionProperties) = preSolution
		HideSolutionNode = FALSE
	EndGlobalSection
	GlobalSection(ExtensibilityGlobals) = postSolution
		SolutionGuid = {3E763F8D-3F37-41EE-94B8-7385FE72C8F3}
	EndGlobalSection
EndGlobal
